
Microsoft Visual Studio Solution File, Format Version 12.00
# Visual Studio Version 16
VisualStudioVersion = 16.0.31702.278
MinimumVisualStudioVersion = 10.0.40219.1
Project("{FAE04EC0-301F-11D3-BF4B-00C04F79EFBC}") = "Tuan4_Lab3", "Tuan4_Lab3\Tuan4_Lab3.csproj", "{AA29E604-799B-48F8-8DEF-D75B085221E2}"
EndProject
Global
	GlobalSection(SolutionConfigurationPlatforms) = preSolution
		Debug|Any CPU = Debug|Any CPU
		Release|Any CPU = Release|Any CPU
	EndGlobalSection
	GlobalSection(ProjectConfigurationPlatforms) = postSolution
		{AA29E604-799B-48F8-8DEF-D75B085221E2}.Debug|Any CPU.ActiveCfg = Debug|Any CPU
		{AA29E604-799B-48F8-8DEF-D75B085221E2}.Debug|Any CPU.Build.0 = Debug|Any CPU
		{AA29E604-799B-48F8-8DEF-D75B085221E2}.Release|Any CPU.ActiveCfg = Release|Any CPU
		{AA29E604-799B-48F8-8DEF-D75B085221E2}.Release|Any CPU.Build.0 = Release|Any CPU
	EndGlobalSection
	GlobalSection(SolutionProperties) = preSolution
		HideSolutionNode = FALSE
	EndGlobalSection
	GlobalSection(ExtensibilityGlobals) = postSolution
		SolutionGuid = {BB15455B-1D18-42AD-ADC9-4ED33B3B9268}
	EndGlobalSection
EndGlobal
